
Microsoft Visual Studio Solution File, Format Version 12.00
# Visual Studio 14
VisualStudioVersion = 14.0.23107.0
MinimumVisualStudioVersion = 10.0.40219.1
Project("{FAE04EC0-301F-11D3-BF4B-00C04F79EFBC}") = "Vista", "Vista\Vista.csproj", "{E48FAF4B-5522-450E-AEAC-961E0B040945}"
EndProject
Project("{FAE04EC0-301F-11D3-BF4B-00C04F79EFBC}") = "Datos", "Datos\Datos.csproj", "{49C90FEF-1CAF-4ABC-9D56-E424389EFD6A}"
EndProject
Global
	GlobalSection(SolutionConfigurationPlatforms) = preSolution
		Debug|Any CPU = Debug|Any CPU
		Release|Any CPU = Release|Any CPU
	EndGlobalSection
	GlobalSection(ProjectConfigurationPlatforms) = postSolution
		{E48FAF4B-5522-450E-AEAC-961E0B040945}.Debug|Any CPU.ActiveCfg = Debug|Any CPU
		{E48FAF4B-5522-450E-AEAC-961E0B040945}.Debug|Any CPU.Build.0 = Debug|Any CPU
		{E48FAF4B-5522-450E-AEAC-961E0B040945}.Release|Any CPU.ActiveCfg = Release|Any CPU
		{E48FAF4B-5522-450E-AEAC-961E0B040945}.Release|Any CPU.Build.0 = Release|Any CPU
		{49C90FEF-1CAF-4ABC-9D56-E424389EFD6A}.Debug|Any CPU.ActiveCfg = Debug|Any CPU
		{49C90FEF-1CAF-4ABC-9D56-E424389EFD6A}.Debug|Any CPU.Build.0 = Debug|Any CPU
		{49C90FEF-1CAF-4ABC-9D56-E424389EFD6A}.Release|Any CPU.ActiveCfg = Release|Any CPU
		{49C90FEF-1CAF-4ABC-9D56-E424389EFD6A}.Release|Any CPU.Build.0 = Release|Any CPU
	EndGlobalSection
	GlobalSection(SolutionProperties) = preSolution
		HideSolutionNode = FALSE
	EndGlobalSection
EndGlobal
